// !$*UTF8*$!
{
	archiveVersion = 1;
	classes = {
	};
	objectVersion = 60;
	objects = {

/* Begin PBXBuildFile section */
		0303416F5CD3242FA5CA5563 /* DesignSystem in Frameworks */ = {isa = PBXBuildFile; productRef = 60971F5EE2EEC0A0A05AF03B /* DesignSystem */; };
		11A316CFBA52186C4797652D /* ContentView.swift in Sources */ = {isa = PBXBuildFile; fileRef = B23E703999548C6A0C50B2D2 /* ContentView.swift */; };
		1F108CFD46CE379E6FB5AECB /* ComponentShowcaseView.swift in Sources */ = {isa = PBXBuildFile; fileRef = 3AF142772ACE9BC20EC1079F /* ComponentShowcaseView.swift */; };
		5F4BF1FBF68894ADD20AB4B1 /* VitrineApp.swift in Sources */ = {isa = PBXBuildFile; fileRef = 4355200F8190CEFF17DD59B9 /* VitrineApp.swift */; };
		6360EB9241FBF323543716A6 /* ColorPaletteView.swift in Sources */ = {isa = PBXBuildFile; fileRef = CCFC9CA8EC856614E5599E60 /* ColorPaletteView.swift */; };
		8F1D10F8DA22B4A9DBC376D8 /* PreviewHelpers.swift in Sources */ = {isa = PBXBuildFile; fileRef = DFB3C57EDC9C095315C7EB85 /* PreviewHelpers.swift */; };
		AA11BB22CC33DD44EE55FF01 /* LoginPage.swift in Sources */ = {isa = PBXBuildFile; fileRef = AA11BB22CC33DD44EE55FF02 /* LoginPage.swift */; };
		AA11BB22CC33DD44EE55FF03 /* Assets.xcassets in Resources */ = {isa = PBXBuildFile; fileRef = AA11BB22CC33DD44EE55FF04 /* Assets.xcassets */; };
		AFCE615B0367843A48F18956 /* CombinationGridView.swift in Sources */ = {isa = PBXBuildFile; fileRef = E8FF54034A29ADC0DE3E085B /* CombinationGridView.swift */; };
		BB22CC33DD44EE55FF660011 /* Login2Page.swift in Sources */ = {isa = PBXBuildFile; fileRef = BB22CC33DD44EE55FF660012 /* Login2Page.swift */; };
		C3D4E5F6A1B0123456789CDE /* WalkthroughPage.swift in Sources */ = {isa = PBXBuildFile; fileRef = A1B2C3D4E5F60123456789AB /* WalkthroughPage.swift */; };
		CC33DD44EE55FF66001122AB /* Login4Page.swift in Sources */ = {isa = PBXBuildFile; fileRef = CC33DD44EE55FF66001122AC /* Login4Page.swift */; };
		D28BA0B2D3C25D518A808D8D /* TokenBrowserView.swift in Sources */ = {isa = PBXBuildFile; fileRef = 0E5CF402BBDCE950096418E3 /* TokenBrowserView.swift */; };
		D4E5F6A1B2C0123456789DEF /* PagesShowcaseView.swift in Sources */ = {isa = PBXBuildFile; fileRef = B2C3D4E5F6A01234567890BC /* PagesShowcaseView.swift */; };
		DD44EE55FF66001122334401 /* Login6ErrorPage.swift in Sources */ = {isa = PBXBuildFile; fileRef = DD44EE55FF66001122334402 /* Login6ErrorPage.swift */; };
		DD44EE55FF66001122334403 /* ForgotPasswordPage.swift in Sources */ = {isa = PBXBuildFile; fileRef = DD44EE55FF66001122334404 /* ForgotPasswordPage.swift */; };
		DD44EE55FF66001122334405 /* VerifyCodePage.swift in Sources */ = {isa = PBXBuildFile; fileRef = DD44EE55FF66001122334406 /* VerifyCodePage.swift */; };
		DD44EE55FF66001122334407 /* NewPasswordPage.swift in Sources */ = {isa = PBXBuildFile; fileRef = DD44EE55FF66001122334408 /* NewPasswordPage.swift */; };
		DD44EE55FF66001122334409 /* BiometricLoginPage.swift in Sources */ = {isa = PBXBuildFile; fileRef = DD44EE55FF6600112233440A /* BiometricLoginPage.swift */; };
		DD44EE55FF6600112233440B /* PasscodeLoginPage.swift in Sources */ = {isa = PBXBuildFile; fileRef = DD44EE55FF6600112233440C /* PasscodeLoginPage.swift */; };
		F1A2B3C4D5E6012345678901 /* Walkthrough2Page.swift in Sources */ = {isa = PBXBuildFile; fileRef = F1A2B3C4D5E6012345678902 /* Walkthrough2Page.swift */; };
		F1A2B3C4D5E6012345678903 /* Walkthrough3Page.swift in Sources */ = {isa = PBXBuildFile; fileRef = F1A2B3C4D5E6012345678904 /* Walkthrough3Page.swift */; };
		EE55FF6600112233440DEF01 /* ProfilePage.swift in Sources */ = {isa = PBXBuildFile; fileRef = EE55FF6600112233440DEF02 /* ProfilePage.swift */; };
		AA11BB2200334455660DEF01 /* Profile2Page.swift in Sources */ = {isa = PBXBuildFile; fileRef = AA11BB2200334455660DEF02 /* Profile2Page.swift */; };
		BB33CC4400556677880DEF01 /* Profile3Page.swift in Sources */ = {isa = PBXBuildFile; fileRef = BB33CC4400556677880DEF02 /* Profile3Page.swift */; };
		CC44DD5500667788990EF001 /* Profile4Page.swift in Sources */ = {isa = PBXBuildFile; fileRef = CC44DD5500667788990EF002 /* Profile4Page.swift */; };
		83ACAE2FFFF94F14A03E701B /* Profile7Page.swift in Sources */ = {isa = PBXBuildFile; fileRef = 4DCE5CD3CFD3F24B8ACED0BF /* Profile7Page.swift */; };
		A10011AA00112233445566A1 /* Alert10Page.swift in Sources */ = {isa = PBXBuildFile; fileRef = A10011AA00112233445566A2 /* Alert10Page.swift */; };
		A10011AA00112233445566B1 /* Alert9Page.swift in Sources */ = {isa = PBXBuildFile; fileRef = A10011AA00112233445566B2 /* Alert9Page.swift */; };
		A10011AA00112233445566C1 /* Alert2Page.swift in Sources */ = {isa = PBXBuildFile; fileRef = A10011AA00112233445566C2 /* Alert2Page.swift */; };
		A10011AA00112233445566D1 /* Alert8Page.swift in Sources */ = {isa = PBXBuildFile; fileRef = A10011AA00112233445566D2 /* Alert8Page.swift */; };
		A10011AA00112233445566E1 /* Alert11Page.swift in Sources */ = {isa = PBXBuildFile; fileRef = A10011AA00112233445566E2 /* Alert11Page.swift */; };
		A10011AA00112233445566F1 /* Alert7Page.swift in Sources */ = {isa = PBXBuildFile; fileRef = A10011AA00112233445566F2 /* Alert7Page.swift */; };
		A10011AA00112233445567A1 /* Alert6Page.swift in Sources */ = {isa = PBXBuildFile; fileRef = A10011AA00112233445567A2 /* Alert6Page.swift */; };
		A10011AA00112233445567B1 /* Alert1Page.swift in Sources */ = {isa = PBXBuildFile; fileRef = A10011AA00112233445567B2 /* Alert1Page.swift */; };
		A10011AA00112233445567C1 /* Alert5Page.swift in Sources */ = {isa = PBXBuildFile; fileRef = A10011AA00112233445567C2 /* Alert5Page.swift */; };
		A10011AA00112233445567D1 /* Alert4Page.swift in Sources */ = {isa = PBXBuildFile; fileRef = A10011AA00112233445567D2 /* Alert4Page.swift */; };
		A10011AA00112233445567E1 /* Alert3Page.swift in Sources */ = {isa = PBXBuildFile; fileRef = A10011AA00112233445567E2 /* Alert3Page.swift */; };
		D70496C9495E425193BD5FA2 /* Profile6Page.swift in Sources */ = {isa = PBXBuildFile; fileRef = 534B83EDD2B84BB584AA5314 /* Profile6Page.swift */; };
		9355416BB4EF43CCAF83EC05 /* Profile5Page.swift in Sources */ = {isa = PBXBuildFile; fileRef = 9CAC2B0FDD1E47BEB29BEA09 /* Profile5Page.swift */; };
		A56F415D54304FF693B626CD /* Profile8Page.swift in Sources */ = {isa = PBXBuildFile; fileRef = E1EF4719DC254F3983F17D73 /* Profile8Page.swift */; };
		B3C2D1E0F4A5678901234567 /* Profile9Page.swift in Sources */ = {isa = PBXBuildFile; fileRef = A1B2C3D4E5F6789012345678 /* Profile9Page.swift */; };
		E6F7A8B9C0D1E2F3A4B5C6D7 /* Profile10Page.swift in Sources */ = {isa = PBXBuildFile; fileRef = F7A8B9C0D1E2F3A4B5C6D7E8 /* Profile10Page.swift */; };
		FA0102030405060708090AB1 /* LazyView.swift in Sources */ = {isa = PBXBuildFile; fileRef = FA0102030405060708090AB2 /* LazyView.swift */; };
		ST0011AA00112233445567B1 /* Stats2Page.swift in Sources */ = {isa = PBXBuildFile; fileRef = ST0011AA00112233445567B2 /* Stats2Page.swift */; };
		ST0011AA00112233445567C1 /* Stats11Page.swift in Sources */ = {isa = PBXBuildFile; fileRef = ST0011AA00112233445567C2 /* Stats11Page.swift */; };
		ST0011AA00112233445567D1 /* Stats17Page.swift in Sources */ = {isa = PBXBuildFile; fileRef = ST0011AA00112233445567D2 /* Stats17Page.swift */; };
		SH0011AA00112233445567E1 /* ShoppingStart5Page.swift in Sources */ = {isa = PBXBuildFile; fileRef = SH0011AA00112233445567E2 /* ShoppingStart5Page.swift */; };
		NV0011AA00112233445567F1 /* Navigation8Page.swift in Sources */ = {isa = PBXBuildFile; fileRef = NV0011AA00112233445567F2 /* Navigation8Page.swift */; };
/* End PBXBuildFile section */

/* Begin PBXFileReference section */
		0E5CF402BBDCE950096418E3 /* TokenBrowserView.swift */ = {isa = PBXFileReference; lastKnownFileType = sourcecode.swift; path = TokenBrowserView.swift; sourceTree = "<group>"; };
		2F936521580A9014D223AA31 /* VitrineApp.app */ = {isa = PBXFileReference; explicitFileType = wrapper.application; includeInIndex = 0; path = VitrineApp.app; sourceTree = BUILT_PRODUCTS_DIR; };
		3AF142772ACE9BC20EC1079F /* ComponentShowcaseView.swift */ = {isa = PBXFileReference; lastKnownFileType = sourcecode.swift; path = ComponentShowcaseView.swift; sourceTree = "<group>"; };
		4355200F8190CEFF17DD59B9 /* VitrineApp.swift */ = {isa = PBXFileReference; lastKnownFileType = sourcecode.swift; path = VitrineApp.swift; sourceTree = "<group>"; };
		8C4723627D460653966A1C8F /* ios */ = {isa = PBXFileReference; lastKnownFileType = folder; name = ios; path = ..; sourceTree = SOURCE_ROOT; };
		A1B2C3D4E5F60123456789AB /* WalkthroughPage.swift */ = {isa = PBXFileReference; lastKnownFileType = sourcecode.swift; path = WalkthroughPage.swift; sourceTree = "<group>"; };
		AA11BB22CC33DD44EE55FF02 /* LoginPage.swift */ = {isa = PBXFileReference; lastKnownFileType = sourcecode.swift; path = LoginPage.swift; sourceTree = "<group>"; };
		AA11BB22CC33DD44EE55FF04 /* Assets.xcassets */ = {isa = PBXFileReference; lastKnownFileType = folder.assetcatalog; path = Assets.xcassets; sourceTree = "<group>"; };
		B23E703999548C6A0C50B2D2 /* ContentView.swift */ = {isa = PBXFileReference; lastKnownFileType = sourcecode.swift; path = ContentView.swift; sourceTree = "<group>"; };
		B2C3D4E5F6A01234567890BC /* PagesShowcaseView.swift */ = {isa = PBXFileReference; lastKnownFileType = sourcecode.swift; path = PagesShowcaseView.swift; sourceTree = "<group>"; };
		BB22CC33DD44EE55FF660012 /* Login2Page.swift */ = {isa = PBXFileReference; lastKnownFileType = sourcecode.swift; path = Login2Page.swift; sourceTree = "<group>"; };
		CC33DD44EE55FF66001122AC /* Login4Page.swift */ = {isa = PBXFileReference; lastKnownFileType = sourcecode.swift; path = Login4Page.swift; sourceTree = "<group>"; };
		CCFC9CA8EC856614E5599E60 /* ColorPaletteView.swift */ = {isa = PBXFileReference; lastKnownFileType = sourcecode.swift; path = ColorPaletteView.swift; sourceTree = "<group>"; };
		DD44EE55FF66001122334402 /* Login6ErrorPage.swift */ = {isa = PBXFileReference; lastKnownFileType = sourcecode.swift; path = Login6ErrorPage.swift; sourceTree = "<group>"; };
		DD44EE55FF66001122334404 /* ForgotPasswordPage.swift */ = {isa = PBXFileReference; lastKnownFileType = sourcecode.swift; path = ForgotPasswordPage.swift; sourceTree = "<group>"; };
		DD44EE55FF66001122334406 /* VerifyCodePage.swift */ = {isa = PBXFileReference; lastKnownFileType = sourcecode.swift; path = VerifyCodePage.swift; sourceTree = "<group>"; };
		DD44EE55FF66001122334408 /* NewPasswordPage.swift */ = {isa = PBXFileReference; lastKnownFileType = sourcecode.swift; path = NewPasswordPage.swift; sourceTree = "<group>"; };
		DD44EE55FF6600112233440A /* BiometricLoginPage.swift */ = {isa = PBXFileReference; lastKnownFileType = sourcecode.swift; path = BiometricLoginPage.swift; sourceTree = "<group>"; };
		DD44EE55FF6600112233440C /* PasscodeLoginPage.swift */ = {isa = PBXFileReference; lastKnownFileType = sourcecode.swift; path = PasscodeLoginPage.swift; sourceTree = "<group>"; };
		DFB3C57EDC9C095315C7EB85 /* PreviewHelpers.swift */ = {isa = PBXFileReference; lastKnownFileType = sourcecode.swift; path = PreviewHelpers.swift; sourceTree = "<group>"; };
		E8FF54034A29ADC0DE3E085B /* CombinationGridView.swift */ = {isa = PBXFileReference; lastKnownFileType = sourcecode.swift; path = CombinationGridView.swift; sourceTree = "<group>"; };
		F1A2B3C4D5E6012345678902 /* Walkthrough2Page.swift */ = {isa = PBXFileReference; lastKnownFileType = sourcecode.swift; path = Walkthrough2Page.swift; sourceTree = "<group>"; };
		F1A2B3C4D5E6012345678904 /* Walkthrough3Page.swift */ = {isa = PBXFileReference; lastKnownFileType = sourcecode.swift; path = Walkthrough3Page.swift; sourceTree = "<group>"; };
		EE55FF6600112233440DEF02 /* ProfilePage.swift */ = {isa = PBXFileReference; lastKnownFileType = sourcecode.swift; path = ProfilePage.swift; sourceTree = "<group>"; };
		AA11BB2200334455660DEF02 /* Profile2Page.swift */ = {isa = PBXFileReference; lastKnownFileType = sourcecode.swift; path = Profile2Page.swift; sourceTree = "<group>"; };
		BB33CC4400556677880DEF02 /* Profile3Page.swift */ = {isa = PBXFileReference; lastKnownFileType = sourcecode.swift; path = Profile3Page.swift; sourceTree = "<group>"; };
		CC44DD5500667788990EF002 /* Profile4Page.swift */ = {isa = PBXFileReference; lastKnownFileType = sourcecode.swift; path = Profile4Page.swift; sourceTree = "<group>"; };
		4DCE5CD3CFD3F24B8ACED0BF /* Profile7Page.swift */ = {isa = PBXFileReference; lastKnownFileType = sourcecode.swift; path = Profile7Page.swift; sourceTree = "<group>"; };
		A10011AA00112233445566A2 /* Alert10Page.swift */ = {isa = PBXFileReference; lastKnownFileType = sourcecode.swift; path = Alert10Page.swift; sourceTree = "<group>"; };
		A10011AA00112233445566B2 /* Alert9Page.swift */ = {isa = PBXFileReference; lastKnownFileType = sourcecode.swift; path = Alert9Page.swift; sourceTree = "<group>"; };
		A10011AA00112233445566C2 /* Alert2Page.swift */ = {isa = PBXFileReference; lastKnownFileType = sourcecode.swift; path = Alert2Page.swift; sourceTree = "<group>"; };
		A10011AA00112233445566D2 /* Alert8Page.swift */ = {isa = PBXFileReference; lastKnownFileType = sourcecode.swift; path = Alert8Page.swift; sourceTree = "<group>"; };
		A10011AA00112233445566E2 /* Alert11Page.swift */ = {isa = PBXFileReference; lastKnownFileType = sourcecode.swift; path = Alert11Page.swift; sourceTree = "<group>"; };
		A10011AA00112233445566F2 /* Alert7Page.swift */ = {isa = PBXFileReference; lastKnownFileType = sourcecode.swift; path = Alert7Page.swift; sourceTree = "<group>"; };
		A10011AA00112233445567A2 /* Alert6Page.swift */ = {isa = PBXFileReference; lastKnownFileType = sourcecode.swift; path = Alert6Page.swift; sourceTree = "<group>"; };
		A10011AA00112233445567B2 /* Alert1Page.swift */ = {isa = PBXFileReference; lastKnownFileType = sourcecode.swift; path = Alert1Page.swift; sourceTree = "<group>"; };
		A10011AA00112233445567C2 /* Alert5Page.swift */ = {isa = PBXFileReference; lastKnownFileType = sourcecode.swift; path = Alert5Page.swift; sourceTree = "<group>"; };
		A10011AA00112233445567D2 /* Alert4Page.swift */ = {isa = PBXFileReference; lastKnownFileType = sourcecode.swift; path = Alert4Page.swift; sourceTree = "<group>"; };
		A10011AA00112233445567E2 /* Alert3Page.swift */ = {isa = PBXFileReference; lastKnownFileType = sourcecode.swift; path = Alert3Page.swift; sourceTree = "<group>"; };
		534B83EDD2B84BB584AA5314 /* Profile6Page.swift */ = {isa = PBXFileReference; lastKnownFileType = sourcecode.swift; path = Profile6Page.swift; sourceTree = "<group>"; };
		9CAC2B0FDD1E47BEB29BEA09 /* Profile5Page.swift */ = {isa = PBXFileReference; lastKnownFileType = sourcecode.swift; path = Profile5Page.swift; sourceTree = "<group>"; };
		E1EF4719DC254F3983F17D73 /* Profile8Page.swift */ = {isa = PBXFileReference; lastKnownFileType = sourcecode.swift; path = Profile8Page.swift; sourceTree = "<group>"; };
		A1B2C3D4E5F6789012345678 /* Profile9Page.swift */ = {isa = PBXFileReference; lastKnownFileType = sourcecode.swift; path = Profile9Page.swift; sourceTree = "<group>"; };
		F7A8B9C0D1E2F3A4B5C6D7E8 /* Profile10Page.swift */ = {isa = PBXFileReference; lastKnownFileType = sourcecode.swift; path = Profile10Page.swift; sourceTree = "<group>"; };
		FA0102030405060708090AB2 /* LazyView.swift */ = {isa = PBXFileReference; lastKnownFileType = sourcecode.swift; path = LazyView.swift; sourceTree = "<group>"; };
		ST0011AA00112233445567B2 /* Stats2Page.swift */ = {isa = PBXFileReference; lastKnownFileType = sourcecode.swift; path = Stats2Page.swift; sourceTree = "<group>"; };
		ST0011AA00112233445567C2 /* Stats11Page.swift */ = {isa = PBXFileReference; lastKnownFileType = sourcecode.swift; path = Stats11Page.swift; sourceTree = "<group>"; };
		ST0011AA00112233445567D2 /* Stats17Page.swift */ = {isa = PBXFileReference; lastKnownFileType = sourcecode.swift; path = Stats17Page.swift; sourceTree = "<group>"; };
		SH0011AA00112233445567E2 /* ShoppingStart5Page.swift */ = {isa = PBXFileReference; lastKnownFileType = sourcecode.swift; path = ShoppingStart5Page.swift; sourceTree = "<group>"; };
		NV0011AA00112233445567F2 /* Navigation8Page.swift */ = {isa = PBXFileReference; lastKnownFileType = sourcecode.swift; path = Navigation8Page.swift; sourceTree = "<group>"; };
/* End PBXFileReference section */

/* Begin PBXFrameworksBuildPhase section */
		721CB7158AF208B23ADFB89C /* Frameworks */ = {
			isa = PBXFrameworksBuildPhase;
			buildActionMask = 2147483647;
			files = (
				0303416F5CD3242FA5CA5563 /* DesignSystem in Frameworks */,
			);
			runOnlyForDeploymentPostprocessing = 0;
		};
/* End PBXFrameworksBuildPhase section */

/* Begin PBXGroup section */
		544C78C0ABCB137EB0ADF320 = {
			isa = PBXGroup;
			children = (
				EDB050AE86F79DC14D39B5CA /* Packages */,
				D338CFDE55E47CD4C61DE947 /* VitrineApp */,
				AF5B7FA12F19B1A03236BC32 /* Products */,
			);
			sourceTree = "<group>";
		};
		7CECCEA6604487E7C08BE8FD /* Helpers */ = {
			isa = PBXGroup;
			children = (
				DFB3C57EDC9C095315C7EB85 /* PreviewHelpers.swift */,
			);
			path = Helpers;
			sourceTree = "<group>";
		};
		AF5B7FA12F19B1A03236BC32 /* Products */ = {
			isa = PBXGroup;
			children = (
				2F936521580A9014D223AA31 /* VitrineApp.app */,
			);
			name = Products;
			sourceTree = "<group>";
		};
		C36211993830CE5432B4E31E /* Views */ = {
			isa = PBXGroup;
			children = (
				CCFC9CA8EC856614E5599E60 /* ColorPaletteView.swift */,
				E8FF54034A29ADC0DE3E085B /* CombinationGridView.swift */,
				3AF142772ACE9BC20EC1079F /* ComponentShowcaseView.swift */,
				0E5CF402BBDCE950096418E3 /* TokenBrowserView.swift */,
				FA0102030405060708090AB2 /* LazyView.swift */,
				E5F6A1B2C3D01234567890EF /* Pages */,
			);
			path = Views;
			sourceTree = "<group>";
		};
		D338CFDE55E47CD4C61DE947 /* VitrineApp */ = {
			isa = PBXGroup;
			children = (
				AA11BB22CC33DD44EE55FF04 /* Assets.xcassets */,
				B23E703999548C6A0C50B2D2 /* ContentView.swift */,
				4355200F8190CEFF17DD59B9 /* VitrineApp.swift */,
				7CECCEA6604487E7C08BE8FD /* Helpers */,
				C36211993830CE5432B4E31E /* Views */,
			);
			path = VitrineApp;
			sourceTree = "<group>";
		};
		E5F6A1B2C3D01234567890EF /* Pages */ = {
			isa = PBXGroup;
			children = (
				B2C3D4E5F6A01234567890BC /* PagesShowcaseView.swift */,
				FA01020304050607080900A1 /* Alerts */,
				FA01020304050607080900A2 /* Auth */,
				FA01020304050607080900A3 /* Profile */,
				FA01020304050607080900A4 /* Walkthrough */,
				FA01020304050607080900A5 /* Stats */,
				FA01020304050607080900A6 /* Shopping */,
				FA01020304050607080900A7 /* Navigation */,
			);
			path = Pages;
			sourceTree = "<group>";
		};
		FA01020304050607080900A1 /* Alerts */ = {
			isa = PBXGroup;
			children = (
				A10011AA00112233445567B2 /* Alert1Page.swift */,
				A10011AA00112233445566C2 /* Alert2Page.swift */,
				A10011AA00112233445567E2 /* Alert3Page.swift */,
				A10011AA00112233445567D2 /* Alert4Page.swift */,
				A10011AA00112233445567C2 /* Alert5Page.swift */,
				A10011AA00112233445567A2 /* Alert6Page.swift */,
				A10011AA00112233445566F2 /* Alert7Page.swift */,
				A10011AA00112233445566D2 /* Alert8Page.swift */,
				A10011AA00112233445566B2 /* Alert9Page.swift */,
				A10011AA00112233445566A2 /* Alert10Page.swift */,
				A10011AA00112233445566E2 /* Alert11Page.swift */,
			);
			path = Alerts;
			sourceTree = "<group>";
		};
		FA01020304050607080900A2 /* Auth */ = {
			isa = PBXGroup;
			children = (
				AA11BB22CC33DD44EE55FF02 /* LoginPage.swift */,
				BB22CC33DD44EE55FF660012 /* Login2Page.swift */,
				CC33DD44EE55FF66001122AC /* Login4Page.swift */,
				DD44EE55FF66001122334402 /* Login6ErrorPage.swift */,
				DD44EE55FF66001122334404 /* ForgotPasswordPage.swift */,
				DD44EE55FF66001122334406 /* VerifyCodePage.swift */,
				DD44EE55FF66001122334408 /* NewPasswordPage.swift */,
				DD44EE55FF6600112233440A /* BiometricLoginPage.swift */,
				DD44EE55FF6600112233440C /* PasscodeLoginPage.swift */,
			);
			path = Auth;
			sourceTree = "<group>";
		};
		FA01020304050607080900A3 /* Profile */ = {
			isa = PBXGroup;
			children = (
				EE55FF6600112233440DEF02 /* ProfilePage.swift */,
				AA11BB2200334455660DEF02 /* Profile2Page.swift */,
				BB33CC4400556677880DEF02 /* Profile3Page.swift */,
				CC44DD5500667788990EF002 /* Profile4Page.swift */,
				4DCE5CD3CFD3F24B8ACED0BF /* Profile7Page.swift */,
				534B83EDD2B84BB584AA5314 /* Profile6Page.swift */,
				9CAC2B0FDD1E47BEB29BEA09 /* Profile5Page.swift */,
				E1EF4719DC254F3983F17D73 /* Profile8Page.swift */,
				A1B2C3D4E5F6789012345678 /* Profile9Page.swift */,
				F7A8B9C0D1E2F3A4B5C6D7E8 /* Profile10Page.swift */,
			);
			path = Profile;
			sourceTree = "<group>";
		};
		FA01020304050607080900A4 /* Walkthrough */ = {
			isa = PBXGroup;
			children = (
				A1B2C3D4E5F60123456789AB /* WalkthroughPage.swift */,
				F1A2B3C4D5E6012345678902 /* Walkthrough2Page.swift */,
				F1A2B3C4D5E6012345678904 /* Walkthrough3Page.swift */,
			);
			path = Walkthrough;
			sourceTree = "<group>";
		};
		FA01020304050607080900A5 /* Stats */ = {
			isa = PBXGroup;
			children = (
				ST0011AA00112233445567B2 /* Stats2Page.swift */,
				ST0011AA00112233445567C2 /* Stats11Page.swift */,
				ST0011AA00112233445567D2 /* Stats17Page.swift */,
			);
			path = Stats;
			sourceTree = "<group>";
		};
		FA01020304050607080900A7 /* Navigation */ = {
			isa = PBXGroup;
			children = (
				NV0011AA00112233445567F2 /* Navigation8Page.swift */,
			);
			path = Navigation;
			sourceTree = "<group>";
		};
		FA01020304050607080900A6 /* Shopping */ = {
			isa = PBXGroup;
			children = (
				SH0011AA00112233445567E2 /* ShoppingStart5Page.swift */,
			);
			path = Shopping;
			sourceTree = "<group>";
		};
		EDB050AE86F79DC14D39B5CA /* Packages */ = {
			isa = PBXGroup;
			children = (
				8C4723627D460653966A1C8F /* ios */,
			);
			name = Packages;
			sourceTree = "<group>";
		};
/* End PBXGroup section */

/* Begin PBXNativeTarget section */
		3170724191B399656BB0252A /* VitrineApp */ = {
			isa = PBXNativeTarget;
			buildConfigurationList = 0B6015D1BDAEDEA90E1676ED /* Build configuration list for PBXNativeTarget "VitrineApp" */;
			buildPhases = (
				6587732405CA7977E980E176 /* Sources */,
				AA11BB22CC33DD44EE55FF10 /* Resources */,
				721CB7158AF208B23ADFB89C /* Frameworks */,
			);
			buildRules = (
			);
			dependencies = (
			);
			name = VitrineApp;
			packageProductDependencies = (
				60971F5EE2EEC0A0A05AF03B /* DesignSystem */,
			);
			productName = VitrineApp;
			productReference = 2F936521580A9014D223AA31 /* VitrineApp.app */;
			productType = "com.apple.product-type.application";
		};
/* End PBXNativeTarget section */

/* Begin PBXProject section */
		60F0A1D73AA9A683FAE3E217 /* Project object */ = {
			isa = PBXProject;
			attributes = {
				BuildIndependentTargetsInParallel = YES;
				LastUpgradeCheck = 1430;
			};
			buildConfigurationList = 8EC3C6C18CA060415F1EB31B /* Build configuration list for PBXProject "VitrineApp" */;
			compatibilityVersion = "Xcode 14.0";
			developmentRegion = en;
			hasScannedForEncodings = 0;
			knownRegions = (
				Base,
				en,
			);
			mainGroup = 544C78C0ABCB137EB0ADF320;
			packageReferences = (
				B79CC20450248F76437DD13E /* XCLocalSwiftPackageReference "../../" */,
			);
			projectDirPath = "";
			projectRoot = "";
			targets = (
				3170724191B399656BB0252A /* VitrineApp */,
			);
		};
/* End PBXProject section */

/* Begin PBXResourcesBuildPhase section */
		AA11BB22CC33DD44EE55FF10 /* Resources */ = {
			isa = PBXResourcesBuildPhase;
			buildActionMask = 2147483647;
			files = (
				AA11BB22CC33DD44EE55FF03 /* Assets.xcassets in Resources */,
			);
			runOnlyForDeploymentPostprocessing = 0;
		};
/* End PBXResourcesBuildPhase section */

/* Begin PBXSourcesBuildPhase section */
		6587732405CA7977E980E176 /* Sources */ = {
			isa = PBXSourcesBuildPhase;
			buildActionMask = 2147483647;
			files = (
				6360EB9241FBF323543716A6 /* ColorPaletteView.swift in Sources */,
				AFCE615B0367843A48F18956 /* CombinationGridView.swift in Sources */,
				1F108CFD46CE379E6FB5AECB /* ComponentShowcaseView.swift in Sources */,
				11A316CFBA52186C4797652D /* ContentView.swift in Sources */,
				8F1D10F8DA22B4A9DBC376D8 /* PreviewHelpers.swift in Sources */,
				D28BA0B2D3C25D518A808D8D /* TokenBrowserView.swift in Sources */,
				5F4BF1FBF68894ADD20AB4B1 /* VitrineApp.swift in Sources */,
				C3D4E5F6A1B0123456789CDE /* WalkthroughPage.swift in Sources */,
				D4E5F6A1B2C0123456789DEF /* PagesShowcaseView.swift in Sources */,
				F1A2B3C4D5E6012345678901 /* Walkthrough2Page.swift in Sources */,
				F1A2B3C4D5E6012345678903 /* Walkthrough3Page.swift in Sources */,
				AA11BB22CC33DD44EE55FF01 /* LoginPage.swift in Sources */,
				BB22CC33DD44EE55FF660011 /* Login2Page.swift in Sources */,
				CC33DD44EE55FF66001122AB /* Login4Page.swift in Sources */,
				DD44EE55FF66001122334401 /* Login6ErrorPage.swift in Sources */,
				DD44EE55FF66001122334403 /* ForgotPasswordPage.swift in Sources */,
				DD44EE55FF66001122334405 /* VerifyCodePage.swift in Sources */,
				DD44EE55FF66001122334407 /* NewPasswordPage.swift in Sources */,
				DD44EE55FF66001122334409 /* BiometricLoginPage.swift in Sources */,
				DD44EE55FF6600112233440B /* PasscodeLoginPage.swift in Sources */,
				EE55FF6600112233440DEF01 /* ProfilePage.swift in Sources */,
				AA11BB2200334455660DEF01 /* Profile2Page.swift in Sources */,
				BB33CC4400556677880DEF01 /* Profile3Page.swift in Sources */,
				CC44DD5500667788990EF001 /* Profile4Page.swift in Sources */,
				83ACAE2FFFF94F14A03E701B /* Profile7Page.swift in Sources */,
				D70496C9495E425193BD5FA2 /* Profile6Page.swift in Sources */,
				9355416BB4EF43CCAF83EC05 /* Profile5Page.swift in Sources */,
				A56F415D54304FF693B626CD /* Profile8Page.swift in Sources */,
				B3C2D1E0F4A5678901234567 /* Profile9Page.swift in Sources */,
				E6F7A8B9C0D1E2F3A4B5C6D7 /* Profile10Page.swift in Sources */,
				A10011AA00112233445566A1 /* Alert10Page.swift in Sources */,
				A10011AA00112233445566B1 /* Alert9Page.swift in Sources */,
				A10011AA00112233445566C1 /* Alert2Page.swift in Sources */,
				A10011AA00112233445566D1 /* Alert8Page.swift in Sources */,
				A10011AA00112233445566E1 /* Alert11Page.swift in Sources */,
				A10011AA00112233445566F1 /* Alert7Page.swift in Sources */,
				A10011AA00112233445567A1 /* Alert6Page.swift in Sources */,
				A10011AA00112233445567B1 /* Alert1Page.swift in Sources */,
				A10011AA00112233445567C1 /* Alert5Page.swift in Sources */,
				A10011AA00112233445567D1 /* Alert4Page.swift in Sources */,
				A10011AA00112233445567E1 /* Alert3Page.swift in Sources */,
				FA0102030405060708090AB1 /* LazyView.swift in Sources */,
				ST0011AA00112233445567B1 /* Stats2Page.swift in Sources */,
				ST0011AA00112233445567C1 /* Stats11Page.swift in Sources */,
				ST0011AA00112233445567D1 /* Stats17Page.swift in Sources */,
				SH0011AA00112233445567E1 /* ShoppingStart5Page.swift in Sources */,
				NV0011AA00112233445567F1 /* Navigation8Page.swift in Sources */,
			);
			runOnlyForDeploymentPostprocessing = 0;
		};
/* End PBXSourcesBuildPhase section */

/* Begin XCBuildConfiguration section */
		01028DF1C5034F0BEAEB70D0 /* Release */ = {
			isa = XCBuildConfiguration;
			buildSettings = {
				ALWAYS_SEARCH_USER_PATHS = NO;
				CLANG_ANALYZER_NONNULL = YES;
				CLANG_ANALYZER_NUMBER_OBJECT_CONVERSION = YES_AGGRESSIVE;
				CLANG_CXX_LANGUAGE_STANDARD = "gnu++14";
				CLANG_CXX_LIBRARY = "libc++";
				CLANG_ENABLE_MODULES = YES;
				CLANG_ENABLE_OBJC_ARC = YES;
				CLANG_ENABLE_OBJC_WEAK = YES;
				CLANG_WARN_BLOCK_CAPTURE_AUTORELEASING = YES;
				CLANG_WARN_BOOL_CONVERSION = YES;
				CLANG_WARN_COMMA = YES;
				CLANG_WARN_CONSTANT_CONVERSION = YES;
				CLANG_WARN_DEPRECATED_OBJC_IMPLEMENTATIONS = YES;
				CLANG_WARN_DIRECT_OBJC_ISA_USAGE = YES_ERROR;
				CLANG_WARN_DOCUMENTATION_COMMENTS = YES;
				CLANG_WARN_EMPTY_BODY = YES;
				CLANG_WARN_ENUM_CONVERSION = YES;
				CLANG_WARN_INFINITE_RECURSION = YES;
				CLANG_WARN_INT_CONVERSION = YES;
				CLANG_WARN_NON_LITERAL_NULL_CONVERSION = YES;
				CLANG_WARN_OBJC_IMPLICIT_RETAIN_SELF = YES;
				CLANG_WARN_OBJC_LITERAL_CONVERSION = YES;
				CLANG_WARN_OBJC_ROOT_CLASS = YES_ERROR;
				CLANG_WARN_QUOTED_INCLUDE_IN_FRAMEWORK_HEADER = YES;
				CLANG_WARN_RANGE_LOOP_ANALYSIS = YES;
				CLANG_WARN_STRICT_PROTOTYPES = YES;
				CLANG_WARN_SUSPICIOUS_MOVE = YES;
				CLANG_WARN_UNGUARDED_AVAILABILITY = YES_AGGRESSIVE;
				CLANG_WARN_UNREACHABLE_CODE = YES;
				CLANG_WARN__DUPLICATE_METHOD_MATCH = YES;
				COPY_PHASE_STRIP = NO;
				DEBUG_INFORMATION_FORMAT = "dwarf-with-dsym";
				ENABLE_NS_ASSERTIONS = NO;
				ENABLE_STRICT_OBJC_MSGSEND = YES;
				GCC_C_LANGUAGE_STANDARD = gnu11;
				GCC_NO_COMMON_BLOCKS = YES;
				GCC_WARN_64_TO_32_BIT_CONVERSION = YES;
				GCC_WARN_ABOUT_RETURN_TYPE = YES_ERROR;
				GCC_WARN_UNDECLARED_SELECTOR = YES;
				GCC_WARN_UNINITIALIZED_AUTOS = YES_AGGRESSIVE;
				GCC_WARN_UNUSED_FUNCTION = YES;
				GCC_WARN_UNUSED_VARIABLE = YES;
				IPHONEOS_DEPLOYMENT_TARGET = 16.0;
				MTL_ENABLE_DEBUG_INFO = NO;
				MTL_FAST_MATH = YES;
				PRODUCT_NAME = "$(TARGET_NAME)";
				SDKROOT = iphoneos;
				SWIFT_COMPILATION_MODE = wholemodule;
				SWIFT_OPTIMIZATION_LEVEL = "-O";
				SWIFT_VERSION = 5.0;
			};
			name = Release;
		};
		36642C71EB0F6EA6D0C3B7B6 /* Release */ = {
			isa = XCBuildConfiguration;
			buildSettings = {
				ASSETCATALOG_COMPILER_APPICON_NAME = AppIcon;
				CODE_SIGNING_REQUIRED = NO;
				CODE_SIGN_IDENTITY = "Apple Development";
				CODE_SIGN_STYLE = Automatic;
				CURRENT_PROJECT_VERSION = 1;
				DEVELOPMENT_TEAM = FD4Q5PUHPM;
				GENERATE_INFOPLIST_FILE = YES;
				INFOPLIST_KEY_CFBundleIconName = AppIcon;
				INFOPLIST_KEY_UIApplicationSceneManifest_Generation = YES;
				INFOPLIST_KEY_UILaunchScreen_Generation = YES;
				INFOPLIST_KEY_UISupportedInterfaceOrientations_iPad = "UIInterfaceOrientationPortrait UIInterfaceOrientationPortraitUpsideDown UIInterfaceOrientationLandscapeLeft UIInterfaceOrientationLandscapeRight";
				INFOPLIST_KEY_UISupportedInterfaceOrientations_iPhone = "UIInterfaceOrientationPortrait UIInterfaceOrientationLandscapeLeft UIInterfaceOrientationLandscapeRight";
				LD_RUNPATH_SEARCH_PATHS = (
					"$(inherited)",
					"@executable_path/Frameworks",
				);
				MARKETING_VERSION = 1.0;
				PRODUCT_BUNDLE_IDENTIFIER = com.haho.vitrine.VitrineApp;
				PROVISIONING_PROFILE_SPECIFIER = "";
				SDKROOT = iphoneos;
				TARGETED_DEVICE_FAMILY = "1,2";
			};
			name = Release;
		};
		88DDC0E13F6A14966A1A757A /* Debug */ = {
			isa = XCBuildConfiguration;
			buildSettings = {
				ALWAYS_SEARCH_USER_PATHS = NO;
				CLANG_ANALYZER_NONNULL = YES;
				CLANG_ANALYZER_NUMBER_OBJECT_CONVERSION = YES_AGGRESSIVE;
				CLANG_CXX_LANGUAGE_STANDARD = "gnu++14";
				CLANG_CXX_LIBRARY = "libc++";
				CLANG_ENABLE_MODULES = YES;
				CLANG_ENABLE_OBJC_ARC = YES;
				CLANG_ENABLE_OBJC_WEAK = YES;
				CLANG_WARN_BLOCK_CAPTURE_AUTORELEASING = YES;
				CLANG_WARN_BOOL_CONVERSION = YES;
				CLANG_WARN_COMMA = YES;
				CLANG_WARN_CONSTANT_CONVERSION = YES;
				CLANG_WARN_DEPRECATED_OBJC_IMPLEMENTATIONS = YES;
				CLANG_WARN_DIRECT_OBJC_ISA_USAGE = YES_ERROR;
				CLANG_WARN_DOCUMENTATION_COMMENTS = YES;
				CLANG_WARN_EMPTY_BODY = YES;
				CLANG_WARN_ENUM_CONVERSION = YES;
				CLANG_WARN_INFINITE_RECURSION = YES;
				CLANG_WARN_INT_CONVERSION = YES;
				CLANG_WARN_NON_LITERAL_NULL_CONVERSION = YES;
				CLANG_WARN_OBJC_IMPLICIT_RETAIN_SELF = YES;
				CLANG_WARN_OBJC_LITERAL_CONVERSION = YES;
				CLANG_WARN_OBJC_ROOT_CLASS = YES_ERROR;
				CLANG_WARN_QUOTED_INCLUDE_IN_FRAMEWORK_HEADER = YES;
				CLANG_WARN_RANGE_LOOP_ANALYSIS = YES;
				CLANG_WARN_STRICT_PROTOTYPES = YES;
				CLANG_WARN_SUSPICIOUS_MOVE = YES;
				CLANG_WARN_UNGUARDED_AVAILABILITY = YES_AGGRESSIVE;
				CLANG_WARN_UNREACHABLE_CODE = YES;
				CLANG_WARN__DUPLICATE_METHOD_MATCH = YES;
				COPY_PHASE_STRIP = NO;
				DEBUG_INFORMATION_FORMAT = dwarf;
				ENABLE_STRICT_OBJC_MSGSEND = YES;
				ENABLE_TESTABILITY = YES;
				GCC_C_LANGUAGE_STANDARD = gnu11;
				GCC_DYNAMIC_NO_PIC = NO;
				GCC_NO_COMMON_BLOCKS = YES;
				GCC_OPTIMIZATION_LEVEL = 0;
				GCC_PREPROCESSOR_DEFINITIONS = (
					"$(inherited)",
					"DEBUG=1",
				);
				GCC_WARN_64_TO_32_BIT_CONVERSION = YES;
				GCC_WARN_ABOUT_RETURN_TYPE = YES_ERROR;
				GCC_WARN_UNDECLARED_SELECTOR = YES;
				GCC_WARN_UNINITIALIZED_AUTOS = YES_AGGRESSIVE;
				GCC_WARN_UNUSED_FUNCTION = YES;
				GCC_WARN_UNUSED_VARIABLE = YES;
				IPHONEOS_DEPLOYMENT_TARGET = 16.0;
				MTL_ENABLE_DEBUG_INFO = INCLUDE_SOURCE;
				MTL_FAST_MATH = YES;
				ONLY_ACTIVE_ARCH = YES;
				PRODUCT_NAME = "$(TARGET_NAME)";
				SDKROOT = iphoneos;
				SWIFT_ACTIVE_COMPILATION_CONDITIONS = DEBUG;
				SWIFT_OPTIMIZATION_LEVEL = "-Onone";
				SWIFT_VERSION = 5.0;
			};
			name = Debug;
		};
		B7E738D9C3459C9BCE146934 /* Debug */ = {
			isa = XCBuildConfiguration;
			buildSettings = {
				ASSETCATALOG_COMPILER_APPICON_NAME = AppIcon;
				CODE_SIGNING_REQUIRED = NO;
				CODE_SIGN_IDENTITY = "Apple Development";
				CODE_SIGN_STYLE = Automatic;
				CURRENT_PROJECT_VERSION = 1;
				DEVELOPMENT_TEAM = FD4Q5PUHPM;
				GENERATE_INFOPLIST_FILE = YES;
				INFOPLIST_KEY_CFBundleIconName = AppIcon;
				INFOPLIST_KEY_UIApplicationSceneManifest_Generation = YES;
				INFOPLIST_KEY_UILaunchScreen_Generation = YES;
				INFOPLIST_KEY_UISupportedInterfaceOrientations_iPad = "UIInterfaceOrientationPortrait UIInterfaceOrientationPortraitUpsideDown UIInterfaceOrientationLandscapeLeft UIInterfaceOrientationLandscapeRight";
				INFOPLIST_KEY_UISupportedInterfaceOrientations_iPhone = "UIInterfaceOrientationPortrait UIInterfaceOrientationLandscapeLeft UIInterfaceOrientationLandscapeRight";
				LD_RUNPATH_SEARCH_PATHS = (
					"$(inherited)",
					"@executable_path/Frameworks",
				);
				MARKETING_VERSION = 1.0;
				PRODUCT_BUNDLE_IDENTIFIER = com.haho.vitrine.VitrineApp;
				PROVISIONING_PROFILE_SPECIFIER = "";
				SDKROOT = iphoneos;
				TARGETED_DEVICE_FAMILY = "1,2";
			};
			name = Debug;
		};
/* End XCBuildConfiguration section */

/* Begin XCConfigurationList section */
		0B6015D1BDAEDEA90E1676ED /* Build configuration list for PBXNativeTarget "VitrineApp" */ = {
			isa = XCConfigurationList;
			buildConfigurations = (
				B7E738D9C3459C9BCE146934 /* Debug */,
				36642C71EB0F6EA6D0C3B7B6 /* Release */,
			);
			defaultConfigurationIsVisible = 0;
			defaultConfigurationName = Debug;
		};
		8EC3C6C18CA060415F1EB31B /* Build configuration list for PBXProject "VitrineApp" */ = {
			isa = XCConfigurationList;
			buildConfigurations = (
				88DDC0E13F6A14966A1A757A /* Debug */,
				01028DF1C5034F0BEAEB70D0 /* Release */,
			);
			defaultConfigurationIsVisible = 0;
			defaultConfigurationName = Debug;
		};
/* End XCConfigurationList section */

/* Begin XCLocalSwiftPackageReference section */
		B79CC20450248F76437DD13E /* XCLocalSwiftPackageReference "../../" */ = {
			isa = XCLocalSwiftPackageReference;
			relativePath = ../../;
		};
/* End XCLocalSwiftPackageReference section */

/* Begin XCSwiftPackageProductDependency section */
		60971F5EE2EEC0A0A05AF03B /* DesignSystem */ = {
			isa = XCSwiftPackageProductDependency;
			productName = DesignSystem;
		};
/* End XCSwiftPackageProductDependency section */
	};
	rootObject = 60F0A1D73AA9A683FAE3E217 /* Project object */;
}
